
Microsoft Visual Studio Solution File, Format Version 12.00
# Visual Studio Version 17
VisualStudioVersion = 17.0.32112.339
MinimumVisualStudioVersion = 10.0.40219.1
Project("{FAE04EC0-301F-11D3-BF4B-00C04F79EFBC}") = "WorkingWithLists", "WorkingWithLists\WorkingWithLists.csproj", "{D84F7D08-CFB7-4CB9-ADD7-60884BDC2B6A}"
EndProject
Global
	GlobalSection(SolutionConfigurationPlatforms) = preSolution
		Debug|Any CPU = Debug|Any CPU
		Release|Any CPU = Release|Any CPU
	EndGlobalSection
	GlobalSection(ProjectConfigurationPlatforms) = postSolution
		{D84F7D08-CFB7-4CB9-ADD7-60884BDC2B6A}.Debug|Any CPU.ActiveCfg = Debug|Any CPU
		{D84F7D08-CFB7-4CB9-ADD7-60884BDC2B6A}.Debug|Any CPU.Build.0 = Debug|Any CPU
		{D84F7D08-CFB7-4CB9-ADD7-60884BDC2B6A}.Release|Any CPU.ActiveCfg = Release|Any CPU
		{D84F7D08-CFB7-4CB9-ADD7-60884BDC2B6A}.Release|Any CPU.Build.0 = Release|Any CPU
	EndGlobalSection
	GlobalSection(SolutionProperties) = preSolution
		HideSolutionNode = FALSE
	EndGlobalSection
	GlobalSection(ExtensibilityGlobals) = postSolution
		SolutionGuid = {DAD131EF-A88B-4C27-823B-DC66A652C6E3}
	EndGlobalSection
EndGlobal
